// !$*UTF8*$!
{
	archiveVersion = 1;
	classes = {
	};
	objectVersion = 46;
	objects = {

/* Begin PBXBuildFile section */
		6CEE734D1D71294400CA250E /* main.m in Sources */ = {isa = PBXBuildFile; fileRef = 6CEE734C1D71294400CA250E /* main.m */; };
		6CEE73501D71294400CA250E /* AppDelegate.m in Sources */ = {isa = PBXBuildFile; fileRef = 6CEE734F1D71294400CA250E /* AppDelegate.m */; };
		6CEE73531D71294400CA250E /* ViewController.m in Sources */ = {isa = PBXBuildFile; fileRef = 6CEE73521D71294400CA250E /* ViewController.m */; };
		6CEE73561D71294400CA250E /* Main.storyboard in Resources */ = {isa = PBXBuildFile; fileRef = 6CEE73541D71294400CA250E /* Main.storyboard */; };
		6CEE73581D71294400CA250E /* Assets.xcassets in Resources */ = {isa = PBXBuildFile; fileRef = 6CEE73571D71294400CA250E /* Assets.xcassets */; };
		6CEE735B1D71294400CA250E /* LaunchScreen.storyboard in Resources */ = {isa = PBXBuildFile; fileRef = 6CEE73591D71294400CA250E /* LaunchScreen.storyboard */; };
		6CEE73651D72CF8000CA250E /* Router.m in Sources */ = {isa = PBXBuildFile; fileRef = 6CEE73641D72CF8000CA250E /* Router.m */; };
/* End PBXBuildFile section */

/* Begin PBXFileReference section */
		6CEE73481D71294400CA250E /* iOSRouter.app */ = {isa = PBXFileReference; explicitFileType = wrapper.application; includeInIndex = 0; path = iOSRouter.app; sourceTree = BUILT_PRODUCTS_DIR; };
		6CEE734C1D71294400CA250E /* main.m */ = {isa = PBXFileReference; lastKnownFileType = sourcecode.c.objc; path = main.m; sourceTree = "<group>"; };
		6CEE734E1D71294400CA250E /* AppDelegate.h */ = {isa = PBXFileReference; lastKnownFileType = sourcecode.c.h; path = AppDelegate.h; sourceTree = "<group>"; };
		6CEE734F1D71294400CA250E /* AppDelegate.m */ = {isa = PBXFileReference; lastKnownFileType = sourcecode.c.objc; path = AppDelegate.m; sourceTree = "<group>"; };
		6CEE73511D71294400CA250E /* ViewController.h */ = {isa = PBXFileReference; lastKnownFileType = sourcecode.c.h; path = ViewController.h; sourceTree = "<group>"; };
		6CEE73521D71294400CA250E /* ViewController.m */ = {isa = PBXFileReference; lastKnownFileType = sourcecode.c.objc; path = ViewController.m; sourceTree = "<group>"; };
		6CEE73551D71294400CA250E /* Base */ = {isa = PBXFileReference; lastKnownFileType = file.storyboard; name = Base; path = Base.lproj/Main.storyboard; sourceTree = "<group>"; };
		6CEE73571D71294400CA250E /* Assets.xcassets */ = {isa = PBXFileReference; lastKnownFileType = folder.assetcatalog; path = Assets.xcassets; sourceTree = "<group>"; };
		6CEE735A1D71294400CA250E /* Base */ = {isa = PBXFileReference; lastKnownFileType = file.storyboard; name = Base; path = Base.lproj/LaunchScreen.storyboard; sourceTree = "<group>"; };
		6CEE735C1D71294400CA250E /* Info.plist */ = {isa = PBXFileReference; lastKnownFileType = text.plist.xml; path = Info.plist; sourceTree = "<group>"; };
		6CEE73631D72CF8000CA250E /* Router.h */ = {isa = PBXFileReference; fileEncoding = 4; lastKnownFileType = sourcecode.c.h; path = Router.h; sourceTree = "<group>"; };
		6CEE73641D72CF8000CA250E /* Router.m */ = {isa = PBXFileReference; fileEncoding = 4; lastKnownFileType = sourcecode.c.objc; path = Router.m; sourceTree = "<group>"; };
		6CEE73671D72D63000CA250E /* route.h */ = {isa = PBXFileReference; fileEncoding = 4; lastKnownFileType = sourcecode.c.h; path = route.h; sourceTree = "<group>"; };
/* End PBXFileReference section */

/* Begin PBXFrameworksBuildPhase section */
		6CEE73451D71294400CA250E /* Frameworks */ = {
			isa = PBXFrameworksBuildPhase;
			buildActionMask = 2147483647;
			files = (
			);
			runOnlyForDeploymentPostprocessing = 0;
		};
/* End PBXFrameworksBuildPhase section */

/* Begin PBXGroup section */
		6CEE733F1D71294400CA250E = {
			isa = PBXGroup;
			children = (
				6CEE734A1D71294400CA250E /* iOSRouter */,
				6CEE73491D71294400CA250E /* Products */,
			);
			sourceTree = "<group>";
		};
		6CEE73491D71294400CA250E /* Products */ = {
			isa = PBXGroup;
			children = (
				6CEE73481D71294400CA250E /* iOSRouter.app */,
			);
			name = Products;
			sourceTree = "<group>";
		};
		6CEE734A1D71294400CA250E /* iOSRouter */ = {
			isa = PBXGroup;
			children = (
				6CEE73621D72CF5000CA250E /* Router */,
				6CEE734E1D71294400CA250E /* AppDelegate.h */,
				6CEE734F1D71294400CA250E /* AppDelegate.m */,
				6CEE73511D71294400CA250E /* ViewController.h */,
				6CEE73521D71294400CA250E /* ViewController.m */,
				6CEE73541D71294400CA250E /* Main.storyboard */,
				6CEE73571D71294400CA250E /* Assets.xcassets */,
				6CEE73591D71294400CA250E /* LaunchScreen.storyboard */,
				6CEE735C1D71294400CA250E /* Info.plist */,
				6CEE734B1D71294400CA250E /* Supporting Files */,
			);
			path = iOSRouter;
			sourceTree = "<group>";
		};
		6CEE734B1D71294400CA250E /* Supporting Files */ = {
			isa = PBXGroup;
			children = (
				6CEE734C1D71294400CA250E /* main.m */,
			);
			name = "Supporting Files";
			sourceTree = "<group>";
		};
		6CEE73621D72CF5000CA250E /* Router */ = {
			isa = PBXGroup;
			children = (
				6CEE73661D72D63000CA250E /* util */,
				6CEE73631D72CF8000CA250E /* Router.h */,
				6CEE73641D72CF8000CA250E /* Router.m */,
			);
			path = Router;
			sourceTree = "<group>";
		};
		6CEE73661D72D63000CA250E /* util */ = {
			isa = PBXGroup;
			children = (
				6CEE73671D72D63000CA250E /* route.h */,
			);
			path = util;
			sourceTree = "<group>";
		};
/* End PBXGroup section */

/* Begin PBXNativeTarget section */
		6CEE73471D71294400CA250E /* iOSRouter */ = {
			isa = PBXNativeTarget;
			buildConfigurationList = 6CEE735F1D71294400CA250E /* Build configuration list for PBXNativeTarget "iOSRouter" */;
			buildPhases = (
				6CEE73441D71294400CA250E /* Sources */,
				6CEE73451D71294400CA250E /* Frameworks */,
				6CEE73461D71294400CA250E /* Resources */,
			);
			buildRules = (
			);
			dependencies = (
			);
			name = iOSRouter;
			productName = iOSRouter;
			productReference = 6CEE73481D71294400CA250E /* iOSRouter.app */;
			productType = "com.apple.product-type.application";
		};
/* End PBXNativeTarget section */

/* Begin PBXProject section */
		6CEE73401D71294400CA250E /* Project object */ = {
			isa = PBXProject;
			attributes = {
				LastUpgradeCheck = 0730;
				ORGANIZATIONNAME = Credoo;
				TargetAttributes = {
					6CEE73471D71294400CA250E = {
						CreatedOnToolsVersion = 7.3.1;
					};
				};
			};
			buildConfigurationList = 6CEE73431D71294400CA250E /* Build configuration list for PBXProject "iOSRouter" */;
			compatibilityVersion = "Xcode 3.2";
			developmentRegion = English;
			hasScannedForEncodings = 0;
			knownRegions = (
				en,
				Base,
			);
			mainGroup = 6CEE733F1D71294400CA250E;
			productRefGroup = 6CEE73491D71294400CA250E /* Products */;
			projectDirPath = "";
			projectRoot = "";
			targets = (
				6CEE73471D71294400CA250E /* iOSRouter */,
			);
		};
/* End PBXProject section */

/* Begin PBXResourcesBuildPhase section */
		6CEE73461D71294400CA250E /* Resources */ = {
			isa = PBXResourcesBuildPhase;
			buildActionMask = 2147483647;
			files = (
				6CEE735B1D71294400CA250E /* LaunchScreen.storyboard in Resources */,
				6CEE73581D71294400CA250E /* Assets.xcassets in Resources */,
				6CEE73561D71294400CA250E /* Main.storyboard in Resources */,
			);
			runOnlyForDeploymentPostprocessing = 0;
		};
/* End PBXResourcesBuildPhase section */

/* Begin PBXSourcesBuildPhase section */
		6CEE73441D71294400CA250E /* Sources */ = {
			isa = PBXSourcesBuildPhase;
			buildActionMask = 2147483647;
			files = (
				6CEE73651D72CF8000CA250E /* Router.m in Sources */,
				6CEE73531D71294400CA250E /* ViewController.m in Sources */,
				6CEE73501D71294400CA250E /* AppDelegate.m in Sources */,
				6CEE734D1D71294400CA250E /* main.m in Sources */,
			);
			runOnlyForDeploymentPostprocessing = 0;
		};
/* End PBXSourcesBuildPhase section */

/* Begin PBXVariantGroup section */
		6CEE73541D71294400CA250E /* Main.storyboard */ = {
			isa = PBXVariantGroup;
			children = (
				6CEE73551D71294400CA250E /* Base */,
			);
			name = Main.storyboard;
			sourceTree = "<group>";
		};
		6CEE73591D71294400CA250E /* LaunchScreen.storyboard */ = {
			isa = PBXVariantGroup;
			children = (
				6CEE735A1D71294400CA250E /* Base */,
			);
			name = LaunchScreen.storyboard;
			sourceTree = "<group>";
		};
/* End PBXVariantGroup section */

/* Begin XCBuildConfiguration section */
		6CEE735D1D71294400CA250E /* Debug */ = {
			isa = XCBuildConfiguration;
			buildSettings = {
				ALWAYS_SEARCH_USER_PATHS = NO;
				CLANG_ANALYZER_NONNULL = YES;
				CLANG_CXX_LANGUAGE_STANDARD = "gnu++0x";
				CLANG_CXX_LIBRARY = "libc++";
				CLANG_ENABLE_MODULES = YES;
				CLANG_ENABLE_OBJC_ARC = YES;
				CLANG_WARN_BOOL_CONVERSION = YES;
				CLANG_WARN_CONSTANT_CONVERSION = YES;
				CLANG_WARN_DIRECT_OBJC_ISA_USAGE = YES_ERROR;
				CLANG_WARN_EMPTY_BODY = YES;
				CLANG_WARN_ENUM_CONVERSION = YES;
				CLANG_WARN_INT_CONVERSION = YES;
				CLANG_WARN_OBJC_ROOT_CLASS = YES_ERROR;
				CLANG_WARN_UNREACHABLE_CODE = YES;
				CLANG_WARN__DUPLICATE_METHOD_MATCH = YES;
				"CODE_SIGN_IDENTITY[sdk=iphoneos*]" = "iPhone Developer";
				COPY_PHASE_STRIP = NO;
				DEBUG_INFORMATION_FORMAT = dwarf;
				ENABLE_STRICT_OBJC_MSGSEND = YES;
				ENABLE_TESTABILITY = YES;
				GCC_C_LANGUAGE_STANDARD = gnu99;
				GCC_DYNAMIC_NO_PIC = NO;
				GCC_NO_COMMON_BLOCKS = YES;
				GCC_OPTIMIZATION_LEVEL = 0;
				GCC_PREPROCESSOR_DEFINITIONS = (
					"DEBUG=1",
					"$(inherited)",
				);
				GCC_WARN_64_TO_32_BIT_CONVERSION = YES;
				GCC_WARN_ABOUT_RETURN_TYPE = YES_ERROR;
				GCC_WARN_UNDECLARED_SELECTOR = YES;
				GCC_WARN_UNINITIALIZED_AUTOS = YES_AGGRESSIVE;
				GCC_WARN_UNUSED_FUNCTION = YES;
				GCC_WARN_UNUSED_VARIABLE = YES;
				IPHONEOS_DEPLOYMENT_TARGET = 9.3;
				MTL_ENABLE_DEBUG_INFO = YES;
				ONLY_ACTIVE_ARCH = YES;
				SDKROOT = iphoneos;
				TARGETED_DEVICE_FAMILY = "1,2";
			};
			name = Debug;
		};
		6CEE735E1D71294400CA250E /* Release */ = {
			isa = XCBuildConfiguration;
			buildSettings = {
				ALWAYS_SEARCH_USER_PATHS = NO;
				CLANG_ANALYZER_NONNULL = YES;
				CLANG_CXX_LANGUAGE_STANDARD = "gnu++0x";
				CLANG_CXX_LIBRARY = "libc++";
				CLANG_ENABLE_MODULES = YES;
				CLANG_ENABLE_OBJC_ARC = YES;
				CLANG_WARN_BOOL_CONVERSION = YES;
				CLANG_WARN_CONSTANT_CONVERSION = YES;
				CLANG_WARN_DIRECT_OBJC_ISA_USAGE = YES_ERROR;
				CLANG_WARN_EMPTY_BODY = YES;
				CLANG_WARN_ENUM_CONVERSION = YES;
				CLANG_WARN_INT_CONVERSION = YES;
				CLANG_WARN_OBJC_ROOT_CLASS = YES_ERROR;
				CLANG_WARN_UNREACHABLE_CODE = YES;
				CLANG_WARN__DUPLICATE_METHOD_MATCH = YES;
				"CODE_SIGN_IDENTITY[sdk=iphoneos*]" = "iPhone Developer";
				COPY_PHASE_STRIP = NO;
				DEBUG_INFORMATION_FORMAT = "dwarf-with-dsym";
				ENABLE_NS_ASSERTIONS = NO;
				ENABLE_STRICT_OBJC_MSGSEND = YES;
				GCC_C_LANGUAGE_STANDARD = gnu99;
				GCC_NO_COMMON_BLOCKS = YES;
				GCC_WARN_64_TO_32_BIT_CONVERSION = YES;
				GCC_WARN_ABOUT_RETURN_TYPE = YES_ERROR;
				GCC_WARN_UNDECLARED_SELECTOR = YES;
				GCC_WARN_UNINITIALIZED_AUTOS = YES_AGGRESSIVE;
				GCC_WARN_UNUSED_FUNCTION = YES;
				GCC_WARN_UNUSED_VARIABLE = YES;
				IPHONEOS_DEPLOYMENT_TARGET = 9.3;
				MTL_ENABLE_DEBUG_INFO = NO;
				SDKROOT = iphoneos;
				TARGETED_DEVICE_FAMILY = "1,2";
				VALIDATE_PRODUCT = YES;
			};
			name = Release;
		};
		6CEE73601D71294400CA250E /* Debug */ = {
			isa = XCBuildConfiguration;
			buildSettings = {
				ASSETCATALOG_COMPILER_APPICON_NAME = AppIcon;
				INFOPLIST_FILE = iOSRouter/Info.plist;
				LD_RUNPATH_SEARCH_PATHS = "$(inherited) @executable_path/Frameworks";
				PRODUCT_BUNDLE_IDENTIFIER = net.xujialiang.iOSRouter;
				PRODUCT_NAME = "$(TARGET_NAME)";
			};
			name = Debug;
		};
		6CEE73611D71294400CA250E /* Release */ = {
			isa = XCBuildConfiguration;
			buildSettings = {
				ASSETCATALOG_COMPILER_APPICON_NAME = AppIcon;
				INFOPLIST_FILE = iOSRouter/Info.plist;
				LD_RUNPATH_SEARCH_PATHS = "$(inherited) @executable_path/Frameworks";
				PRODUCT_BUNDLE_IDENTIFIER = net.xujialiang.iOSRouter;
				PRODUCT_NAME = "$(TARGET_NAME)";
			};
			name = Release;
		};
/* End XCBuildConfiguration section */

/* Begin XCConfigurationList section */
		6CEE73431D71294400CA250E /* Build configuration list for PBXProject "iOSRouter" */ = {
			isa = XCConfigurationList;
			buildConfigurations = (
				6CEE735D1D71294400CA250E /* Debug */,
				6CEE735E1D71294400CA250E /* Release */,
			);
			defaultConfigurationIsVisible = 0;
			defaultConfigurationName = Release;
		};
		6CEE735F1D71294400CA250E /* Build configuration list for PBXNativeTarget "iOSRouter" */ = {
			isa = XCConfigurationList;
			buildConfigurations = (
				6CEE73601D71294400CA250E /* Debug */,
				6CEE73611D71294400CA250E /* Release */,
			);
			defaultConfigurationIsVisible = 0;
		};
/* End XCConfigurationList section */
	};
	rootObject = 6CEE73401D71294400CA250E /* Project object */;
}
